<?xml version="1.0" encoding="utf-8"?>
<Project ToolsVersion="4.0" xmlns="http://schemas.microsoft.com/developer/msbuild/2003">
  <ItemGroup>
    <Filter Include="Sources">
      <UniqueIdentifier>{8b7ed093-66ce-4096-96d2-fbb9faa4bf52}</UniqueIdentifier>
    </Filter>
    <Filter Include="Sources\Modules">
      <UniqueIdentifier>{7b418be2-1631-4a31-9ef2-8a8b234a7339}</UniqueIdentifier>
    </Filter>
    <Filter Include="Sources\Containers">
      <UniqueIdentifier>{afc36133-f401-499a-aa33-0da1e500fb52}</UniqueIdentifier>
    </Filter>
    <Filter Include="Sources\Tools">
      <UniqueIdentifier>{7e4dfaf7-022c-4f7d-92aa-f3b3fa9d6248}</UniqueIdentifier>
    </Filter>
    <Filter Include="Sources\Helpers">
      <UniqueIdentifier>{121f8e6b-df36-4ab0-be0d-601ddfc9e503}</UniqueIdentifier>
    </Filter>
    <Filter Include="Sources\Editor">
      <UniqueIdentifier>{047cd601-1b64-44e9-b77b-addc1c2753b5}</UniqueIdentifier>
    </Filter>
    <Filter Include="Sources\Tools\ImGui">
      <UniqueIdentifier>{1c0b25e5-20cf-4fef-9856-f70f20f40bf1}</UniqueIdentifier>
    </Filter>
    <Filter Include="Sources\Elements">
      <UniqueIdentifier>{d3212a99-f79e-467d-88a0-fa3fe3933c5b}</UniqueIdentifier>
    </Filter>
    <Filter Include="Sources\Components">
      <UniqueIdentifier>{f91fa102-fa1b-46d5-92f1-3ee756f1e5f7}</UniqueIdentifier>
    </Filter>
    <Filter Include="Sources\Res">
      <UniqueIdentifier>{f19f78b2-8271-4464-80dd-26ea9e9ed67e}</UniqueIdentifier>
    </Filter>
    <Filter Include="Sources\Tools\MathGeoLib">
      <UniqueIdentifier>{f0278ad0-f6c7-47ec-83ff-5102df2045a6}</UniqueIdentifier>
    </Filter>
    <Filter Include="Sources\Tools\MathGeoLib\Algorithm">
      <UniqueIdentifier>{1dde4f4e-de6c-4549-88e1-545363ab3c0e}</UniqueIdentifier>
    </Filter>
    <Filter Include="Sources\Tools\MathGeoLib\Time">
      <UniqueIdentifier>{d962966d-9519-4acf-baf6-afb4be6c3aa2}</UniqueIdentifier>
    </Filter>
    <Filter Include="Sources\Tools\MathGeoLib\Math">
      <UniqueIdentifier>{d29f1224-36e1-4ba0-ada0-cfddb2a16a2f}</UniqueIdentifier>
    </Filter>
    <Filter Include="Sources\Tools\MathGeoLib\Geometry">
      <UniqueIdentifier>{a03433ee-d832-4c86-a9f7-67b94011f69f}</UniqueIdentifier>
    </Filter>
    <Filter Include="Sources\Tools\MathGeoLib\emscripten">
      <UniqueIdentifier>{456afd7b-d229-41df-8c06-49dff3a02925}</UniqueIdentifier>
    </Filter>
    <Filter Include="Sources\Tools\MathGeoLib\Algorithm\Random">
      <UniqueIdentifier>{b3c75077-67c9-4e12-9016-8feef0d1b9ce}</UniqueIdentifier>
    </Filter>
    <Filter Include="Sources\Tools\ImGuizmo">
      <UniqueIdentifier>{bded9847-e8ee-4af0-bef6-d24fff5eea54}</UniqueIdentifier>
    </Filter>
  </ItemGroup>
  <ItemGroup>
    <ClInclude Include="Module.h">
      <Filter>Sources\Modules</Filter>
    </ClInclude>
    <ClInclude Include="ModuleCamera3D.h">
      <Filter>Sources\Modules</Filter>
    </ClInclude>
    <ClInclude Include="ModuleInput.h">
      <Filter>Sources\Modules</Filter>
    </ClInclude>
    <ClInclude Include="ModuleRenderer3D.h">
      <Filter>Sources\Modules</Filter>
    </ClInclude>
    <ClInclude Include="ModuleWindow.h">
      <Filter>Sources\Modules</Filter>
    </ClInclude>
    <ClInclude Include="glmath.h">
      <Filter>Sources\Containers</Filter>
    </ClInclude>
    <ClInclude Include="Application.h">
      <Filter>Sources</Filter>
    </ClInclude>
    <ClInclude Include="Globals.h">
      <Filter>Sources</Filter>
    </ClInclude>
    <ClInclude Include="Color.h">
      <Filter>Sources\Containers</Filter>
    </ClInclude>
    <ClInclude Include="Light.h">
      <Filter>Sources\Helpers</Filter>
    </ClInclude>
    <ClInclude Include="Timer.h">
      <Filter>Sources\Tools</Filter>
    </ClInclude>
    <ClInclude Include="EditorMain.h">
      <Filter>Sources\Editor</Filter>
    </ClInclude>
    <ClInclude Include="EditorWindow.h">
      <Filter>Sources\Editor</Filter>
    </ClInclude>
    <ClInclude Include="ConfigWindow.h">
      <Filter>Sources\Editor</Filter>
    </ClInclude>
    <ClInclude Include="ImGui\imgui.h">
      <Filter>Sources\Tools\ImGui</Filter>
    </ClInclude>
    <ClInclude Include="ImGui\imgui_impl_opengl3.h">
      <Filter>Sources\Tools\ImGui</Filter>
    </ClInclude>
    <ClInclude Include="ImGui\imgui_impl_sdl.h">
      <Filter>Sources\Tools\ImGui</Filter>
    </ClInclude>
    <ClInclude Include="ImGui\imgui_internal.h">
      <Filter>Sources\Tools\ImGui</Filter>
    </ClInclude>
    <ClInclude Include="ImGui\imconfig.h">
      <Filter>Sources\Tools\ImGui</Filter>
    </ClInclude>
    <ClInclude Include="ImGui\imgui_impl_win32.h">
      <Filter>Sources\Tools\ImGui</Filter>
    </ClInclude>
    <ClInclude Include="ImGui\imstb_rectpack.h">
      <Filter>Sources\Tools\ImGui</Filter>
    </ClInclude>
    <ClInclude Include="ImGui\imstb_textedit.h">
      <Filter>Sources\Tools\ImGui</Filter>
    </ClInclude>
    <ClInclude Include="ImGui\imstb_truetype.h">
      <Filter>Sources\Tools\ImGui</Filter>
    </ClInclude>
    <ClInclude Include="MenuBar.h">
      <Filter>Sources\Editor</Filter>
    </ClInclude>
    <ClInclude Include="ConsoleWindow.h">
      <Filter>Sources\Editor</Filter>
    </ClInclude>
    <ClInclude Include="ModuleScene.h">
      <Filter>Sources\Modules</Filter>
    </ClInclude>
    <ClInclude Include="SceneWindow.h">
      <Filter>Sources\Editor</Filter>
    </ClInclude>
    <ClInclude Include="ProjectWindow.h">
      <Filter>Sources\Editor</Filter>
    </ClInclude>
    <ClInclude Include="InspectorWindow.h">
      <Filter>Sources\Editor</Filter>
    </ClInclude>
    <ClInclude Include="HierarchyWindow.h">
      <Filter>Sources\Editor</Filter>
    </ClInclude>
    <ClInclude Include="Mesh.h">
      <Filter>Sources\Components</Filter>
    </ClInclude>
    <ClInclude Include="FileSystemModule.h">
      <Filter>Sources\Modules</Filter>
    </ClInclude>
    <ClInclude Include="PathNode.h">
      <Filter>Sources\Containers</Filter>
    </ClInclude>
    <ClInclude Include="GameObject.h">
      <Filter>Sources\Elements</Filter>
    </ClInclude>
    <ClInclude Include="Component.h">
      <Filter>Sources\Elements</Filter>
    </ClInclude>
    <ClInclude Include="Transform.h">
      <Filter>Sources\Components</Filter>
    </ClInclude>
    <ClInclude Include="Material.h">
      <Filter>Sources\Components</Filter>
    </ClInclude>
    <ClInclude Include="RES_Material.h">
      <Filter>Sources\Res</Filter>
    </ClInclude>
    <ClInclude Include="RES_Mesh.h">
      <Filter>Sources\Res</Filter>
    </ClInclude>
    <ClInclude Include="JSonHandler.h">
      <Filter>Sources\Containers</Filter>
    </ClInclude>
    <ClInclude Include="parson\parson.h">
      <Filter>Sources\Tools</Filter>
    </ClInclude>
    <ClInclude Include="Camera.h">
      <Filter>Sources\Components</Filter>
    </ClInclude>
    <ClInclude Include="MathGeoLib\include\Geometry\Frustum.h">
      <Filter>Sources\Tools\MathGeoLib\Geometry</Filter>
    </ClInclude>
    <ClInclude Include="MathGeoLib\include\MathBuildConfig.h">
      <Filter>Sources\Tools\MathGeoLib</Filter>
    </ClInclude>
    <ClInclude Include="MathGeoLib\include\MathGeoLib.h">
      <Filter>Sources\Tools\MathGeoLib</Filter>
    </ClInclude>
    <ClInclude Include="MathGeoLib\include\MathGeoLibFwd.h">
      <Filter>Sources\Tools\MathGeoLib</Filter>
    </ClInclude>
    <ClInclude Include="MathGeoLib\include\Geometry\AABB.h">
      <Filter>Sources\Tools\MathGeoLib\Geometry</Filter>
    </ClInclude>
    <ClInclude Include="MathGeoLib\include\Geometry\AABB2D.h">
      <Filter>Sources\Tools\MathGeoLib\Geometry</Filter>
    </ClInclude>
    <ClInclude Include="MathGeoLib\include\Geometry\Capsule.h">
      <Filter>Sources\Tools\MathGeoLib\Geometry</Filter>
    </ClInclude>
    <ClInclude Include="MathGeoLib\include\Geometry\Circle.h">
      <Filter>Sources\Tools\MathGeoLib\Geometry</Filter>
    </ClInclude>
    <ClInclude Include="MathGeoLib\include\Geometry\GeometryAll.h">
      <Filter>Sources\Tools\MathGeoLib\Geometry</Filter>
    </ClInclude>
    <ClInclude Include="MathGeoLib\include\Geometry\GeomType.h">
      <Filter>Sources\Tools\MathGeoLib\Geometry</Filter>
    </ClInclude>
    <ClInclude Include="MathGeoLib\include\Geometry\HitInfo.h">
      <Filter>Sources\Tools\MathGeoLib\Geometry</Filter>
    </ClInclude>
    <ClInclude Include="MathGeoLib\include\Geometry\KDTree.h">
      <Filter>Sources\Tools\MathGeoLib\Geometry</Filter>
    </ClInclude>
    <ClInclude Include="MathGeoLib\include\Geometry\Line.h">
      <Filter>Sources\Tools\MathGeoLib\Geometry</Filter>
    </ClInclude>
    <ClInclude Include="MathGeoLib\include\Geometry\LineSegment.h">
      <Filter>Sources\Tools\MathGeoLib\Geometry</Filter>
    </ClInclude>
    <ClInclude Include="MathGeoLib\include\Geometry\OBB.h">
      <Filter>Sources\Tools\MathGeoLib\Geometry</Filter>
    </ClInclude>
    <ClInclude Include="MathGeoLib\include\Geometry\PBVolume.h">
      <Filter>Sources\Tools\MathGeoLib\Geometry</Filter>
    </ClInclude>
    <ClInclude Include="MathGeoLib\include\Geometry\Plane.h">
      <Filter>Sources\Tools\MathGeoLib\Geometry</Filter>
    </ClInclude>
    <ClInclude Include="MathGeoLib\include\Geometry\Polygon.h">
      <Filter>Sources\Tools\MathGeoLib\Geometry</Filter>
    </ClInclude>
    <ClInclude Include="MathGeoLib\include\Geometry\Polyhedron.h">
      <Filter>Sources\Tools\MathGeoLib\Geometry</Filter>
    </ClInclude>
    <ClInclude Include="MathGeoLib\include\Geometry\QuadTree.h">
      <Filter>Sources\Tools\MathGeoLib\Geometry</Filter>
    </ClInclude>
    <ClInclude Include="MathGeoLib\include\Geometry\Ray.h">
      <Filter>Sources\Tools\MathGeoLib\Geometry</Filter>
    </ClInclude>
    <ClInclude Include="MathGeoLib\include\Geometry\Sphere.h">
      <Filter>Sources\Tools\MathGeoLib\Geometry</Filter>
    </ClInclude>
    <ClInclude Include="MathGeoLib\include\Geometry\Triangle.h">
      <Filter>Sources\Tools\MathGeoLib\Geometry</Filter>
    </ClInclude>
    <ClInclude Include="MathGeoLib\include\Geometry\TriangleMesh.h">
      <Filter>Sources\Tools\MathGeoLib\Geometry</Filter>
    </ClInclude>
    <ClInclude Include="MathGeoLib\include\emscripten\library_system.h">
      <Filter>Sources\Tools\MathGeoLib\emscripten</Filter>
    </ClInclude>
    <ClInclude Include="MathGeoLib\include\Time\Clock.h">
      <Filter>Sources\Tools\MathGeoLib\Time</Filter>
    </ClInclude>
    <ClInclude Include="MathGeoLib\include\Math\assume.h">
      <Filter>Sources\Tools\MathGeoLib\Math</Filter>
    </ClInclude>
    <ClInclude Include="MathGeoLib\include\Math\BitOps.h">
      <Filter>Sources\Tools\MathGeoLib\Math</Filter>
    </ClInclude>
    <ClInclude Include="MathGeoLib\include\Math\Callstack.h">
      <Filter>Sources\Tools\MathGeoLib\Math</Filter>
    </ClInclude>
    <ClInclude Include="MathGeoLib\include\Math\FixedPoint.h">
      <Filter>Sources\Tools\MathGeoLib\Math</Filter>
    </ClInclude>
    <ClInclude Include="MathGeoLib\include\Math\float2.h">
      <Filter>Sources\Tools\MathGeoLib\Math</Filter>
    </ClInclude>
    <ClInclude Include="MathGeoLib\include\Math\float3.h">
      <Filter>Sources\Tools\MathGeoLib\Math</Filter>
    </ClInclude>
    <ClInclude Include="MathGeoLib\include\Math\float3x3.h">
      <Filter>Sources\Tools\MathGeoLib\Math</Filter>
    </ClInclude>
    <ClInclude Include="MathGeoLib\include\Math\float3x4.h">
      <Filter>Sources\Tools\MathGeoLib\Math</Filter>
    </ClInclude>
    <ClInclude Include="MathGeoLib\include\Math\float4.h">
      <Filter>Sources\Tools\MathGeoLib\Math</Filter>
    </ClInclude>
    <ClInclude Include="MathGeoLib\include\Math\float4_neon.h">
      <Filter>Sources\Tools\MathGeoLib\Math</Filter>
    </ClInclude>
    <ClInclude Include="MathGeoLib\include\Math\float4_sse.h">
      <Filter>Sources\Tools\MathGeoLib\Math</Filter>
    </ClInclude>
    <ClInclude Include="MathGeoLib\include\Math\float4d.h">
      <Filter>Sources\Tools\MathGeoLib\Math</Filter>
    </ClInclude>
    <ClInclude Include="MathGeoLib\include\Math\float4x4.h">
      <Filter>Sources\Tools\MathGeoLib\Math</Filter>
    </ClInclude>
    <ClInclude Include="MathGeoLib\include\Math\float4x4_neon.h">
      <Filter>Sources\Tools\MathGeoLib\Math</Filter>
    </ClInclude>
    <ClInclude Include="MathGeoLib\include\Math\float4x4_sse.h">
      <Filter>Sources\Tools\MathGeoLib\Math</Filter>
    </ClInclude>
    <ClInclude Include="MathGeoLib\include\Math\FloatCmp.h">
      <Filter>Sources\Tools\MathGeoLib\Math</Filter>
    </ClInclude>
    <ClInclude Include="MathGeoLib\include\Math\grisu3.h">
      <Filter>Sources\Tools\MathGeoLib\Math</Filter>
    </ClInclude>
    <ClInclude Include="MathGeoLib\include\Math\InclWindows.h">
      <Filter>Sources\Tools\MathGeoLib\Math</Filter>
    </ClInclude>
    <ClInclude Include="MathGeoLib\include\Math\MathAll.h">
      <Filter>Sources\Tools\MathGeoLib\Math</Filter>
    </ClInclude>
    <ClInclude Include="MathGeoLib\include\Math\MathConstants.h">
      <Filter>Sources\Tools\MathGeoLib\Math</Filter>
    </ClInclude>
    <ClInclude Include="MathGeoLib\include\Math\MathFunc.h">
      <Filter>Sources\Tools\MathGeoLib\Math</Filter>
    </ClInclude>
    <ClInclude Include="MathGeoLib\include\Math\MathLog.h">
      <Filter>Sources\Tools\MathGeoLib\Math</Filter>
    </ClInclude>
    <ClInclude Include="MathGeoLib\include\Math\MathNamespace.h">
      <Filter>Sources\Tools\MathGeoLib\Math</Filter>
    </ClInclude>
    <ClInclude Include="MathGeoLib\include\Math\MathTypes.h">
      <Filter>Sources\Tools\MathGeoLib\Math</Filter>
    </ClInclude>
    <ClInclude Include="MathGeoLib\include\Math\MatrixProxy.h">
      <Filter>Sources\Tools\MathGeoLib\Math</Filter>
    </ClInclude>
    <ClInclude Include="MathGeoLib\include\Math\myassert.h">
      <Filter>Sources\Tools\MathGeoLib\Math</Filter>
    </ClInclude>
    <ClInclude Include="MathGeoLib\include\Math\Polynomial.h">
      <Filter>Sources\Tools\MathGeoLib\Math</Filter>
    </ClInclude>
    <ClInclude Include="MathGeoLib\include\Math\Quat.h">
      <Filter>Sources\Tools\MathGeoLib\Math</Filter>
    </ClInclude>
    <ClInclude Include="MathGeoLib\include\Math\quat_simd.h">
      <Filter>Sources\Tools\MathGeoLib\Math</Filter>
    </ClInclude>
    <ClInclude Include="MathGeoLib\include\Math\Rect.h">
      <Filter>Sources\Tools\MathGeoLib\Math</Filter>
    </ClInclude>
    <ClInclude Include="MathGeoLib\include\Math\Reinterpret.h">
      <Filter>Sources\Tools\MathGeoLib\Math</Filter>
    </ClInclude>
    <ClInclude Include="MathGeoLib\include\Math\simd.h">
      <Filter>Sources\Tools\MathGeoLib\Math</Filter>
    </ClInclude>
    <ClInclude Include="MathGeoLib\include\Math\sse_mathfun.h">
      <Filter>Sources\Tools\MathGeoLib\Math</Filter>
    </ClInclude>
    <ClInclude Include="MathGeoLib\include\Math\SSEMath.h">
      <Filter>Sources\Tools\MathGeoLib\Math</Filter>
    </ClInclude>
    <ClInclude Include="MathGeoLib\include\Math\TransformOps.h">
      <Filter>Sources\Tools\MathGeoLib\Math</Filter>
    </ClInclude>
    <ClInclude Include="MathGeoLib\include\Algorithm\GJK.h">
      <Filter>Sources\Tools\MathGeoLib\Algorithm</Filter>
    </ClInclude>
    <ClInclude Include="MathGeoLib\include\Algorithm\SAT.h">
      <Filter>Sources\Tools\MathGeoLib\Algorithm</Filter>
    </ClInclude>
    <ClInclude Include="MathGeoLib\include\Algorithm\Random\LCG.h">
      <Filter>Sources\Tools\MathGeoLib\Algorithm\Random</Filter>
    </ClInclude>
    <ClInclude Include="ImGuizmo\ImGuizmo.h">
      <Filter>Sources\Tools\ImGuizmo</Filter>
    </ClInclude>
    <ClInclude Include="ResourceManager.h">
      <Filter>Sources\Modules</Filter>
    </ClInclude>
    <ClInclude Include="EngineResource.h">
      <Filter>Sources\Res</Filter>
    </ClInclude>
    <ClInclude Include="Scene.h">
      <Filter>Sources\Res</Filter>
    </ClInclude>
  </ItemGroup>
  <ItemGroup>
    <ClCompile Include="ModuleCamera3D.cpp">
      <Filter>Sources\Modules</Filter>
    </ClCompile>
    <ClCompile Include="ModuleInput.cpp">
      <Filter>Sources\Modules</Filter>
    </ClCompile>
    <ClCompile Include="ModuleRenderer3D.cpp">
      <Filter>Sources\Modules</Filter>
    </ClCompile>
    <ClCompile Include="ModuleWindow.cpp">
      <Filter>Sources\Modules</Filter>
    </ClCompile>
    <ClCompile Include="log.cpp">
      <Filter>Sources\Tools</Filter>
    </ClCompile>
    <ClCompile Include="Timer.cpp">
      <Filter>Sources\Tools</Filter>
    </ClCompile>
    <ClCompile Include="Application.cpp">
      <Filter>Sources</Filter>
    </ClCompile>
    <ClCompile Include="Main.cpp">
      <Filter>Sources</Filter>
    </ClCompile>
    <ClCompile Include="glmath.cpp">
      <Filter>Sources\Containers</Filter>
    </ClCompile>
    <ClCompile Include="Color.cpp">
      <Filter>Sources\Containers</Filter>
    </ClCompile>
    <ClCompile Include="Light.cpp">
      <Filter>Sources\Helpers</Filter>
    </ClCompile>
    <ClCompile Include="EditorMain.cpp">
      <Filter>Sources\Editor</Filter>
    </ClCompile>
    <ClCompile Include="EditorWindow.cpp">
      <Filter>Sources\Editor</Filter>
    </ClCompile>
    <ClCompile Include="ConfigWindow.cpp">
      <Filter>Sources\Editor</Filter>
    </ClCompile>
    <ClCompile Include="ImGui\imgui.cpp">
      <Filter>Sources\Tools\ImGui</Filter>
    </ClCompile>
    <ClCompile Include="ImGui\imgui_impl_opengl3.cpp">
      <Filter>Sources\Tools\ImGui</Filter>
    </ClCompile>
    <ClCompile Include="ImGui\imgui_impl_sdl.cpp">
      <Filter>Sources\Tools\ImGui</Filter>
    </ClCompile>
    <ClCompile Include="ImGui\imgui_demo.cpp">
      <Filter>Sources\Tools\ImGui</Filter>
    </ClCompile>
    <ClCompile Include="ImGui\imgui_draw.cpp">
      <Filter>Sources\Tools\ImGui</Filter>
    </ClCompile>
    <ClCompile Include="ImGui\imgui_impl_win32.cpp">
      <Filter>Sources\Tools\ImGui</Filter>
    </ClCompile>
    <ClCompile Include="ImGui\imgui_widgets.cpp">
      <Filter>Sources\Tools\ImGui</Filter>
    </ClCompile>
    <ClCompile Include="MenuBar.cpp">
      <Filter>Sources\Editor</Filter>
    </ClCompile>
    <ClCompile Include="ConsoleWindow.cpp">
      <Filter>Sources\Editor</Filter>
    </ClCompile>
    <ClCompile Include="ModuleScene.cpp">
      <Filter>Sources\Modules</Filter>
    </ClCompile>
    <ClCompile Include="SceneWindow.cpp">
      <Filter>Sources\Editor</Filter>
    </ClCompile>
    <ClCompile Include="ProjectWindow.cpp">
      <Filter>Sources\Editor</Filter>
    </ClCompile>
    <ClCompile Include="InspectorWindow.cpp">
      <Filter>Sources\Editor</Filter>
    </ClCompile>
    <ClCompile Include="HierarchyWindow.cpp">
      <Filter>Sources\Editor</Filter>
    </ClCompile>
    <ClCompile Include="Mesh.cpp">
      <Filter>Sources\Components</Filter>
    </ClCompile>
    <ClCompile Include="FileSystemModule.cpp">
      <Filter>Sources\Modules</Filter>
    </ClCompile>
    <ClCompile Include="GameObject.cpp">
      <Filter>Sources\Elements</Filter>
    </ClCompile>
    <ClCompile Include="Component.cpp">
      <Filter>Sources\Elements</Filter>
    </ClCompile>
    <ClCompile Include="Transform.cpp">
      <Filter>Sources\Components</Filter>
    </ClCompile>
    <ClCompile Include="Material.cpp">
      <Filter>Sources\Components</Filter>
    </ClCompile>
    <ClCompile Include="RES_Material.cpp">
      <Filter>Sources\Res</Filter>
    </ClCompile>
    <ClCompile Include="RES_Mesh.cpp">
      <Filter>Sources\Res</Filter>
    </ClCompile>
    <ClCompile Include="JSonHandler.cpp">
      <Filter>Sources\Containers</Filter>
    </ClCompile>
    <ClCompile Include="parson\parson.c">
      <Filter>Sources\Tools</Filter>
    </ClCompile>
    <ClCompile Include="Camera.cpp">
      <Filter>Sources\Components</Filter>
    </ClCompile>
    <ClCompile Include="MathGeoLib\include\Geometry\Frustum.cpp">
      <Filter>Sources\Tools\MathGeoLib\Geometry</Filter>
    </ClCompile>
    <ClCompile Include="MathGeoLib\include\Geometry\AABB.cpp">
      <Filter>Sources\Tools\MathGeoLib\Geometry</Filter>
    </ClCompile>
    <ClCompile Include="MathGeoLib\include\Geometry\Capsule.cpp">
      <Filter>Sources\Tools\MathGeoLib\Geometry</Filter>
    </ClCompile>
    <ClCompile Include="MathGeoLib\include\Geometry\Circle.cpp">
      <Filter>Sources\Tools\MathGeoLib\Geometry</Filter>
    </ClCompile>
    <ClCompile Include="MathGeoLib\include\Geometry\Line.cpp">
      <Filter>Sources\Tools\MathGeoLib\Geometry</Filter>
    </ClCompile>
    <ClCompile Include="MathGeoLib\include\Geometry\LineSegment.cpp">
      <Filter>Sources\Tools\MathGeoLib\Geometry</Filter>
    </ClCompile>
    <ClCompile Include="MathGeoLib\include\Geometry\OBB.cpp">
      <Filter>Sources\Tools\MathGeoLib\Geometry</Filter>
    </ClCompile>
    <ClCompile Include="MathGeoLib\include\Geometry\PBVolume.cpp">
      <Filter>Sources\Tools\MathGeoLib\Geometry</Filter>
    </ClCompile>
    <ClCompile Include="MathGeoLib\include\Geometry\Plane.cpp">
      <Filter>Sources\Tools\MathGeoLib\Geometry</Filter>
    </ClCompile>
    <ClCompile Include="MathGeoLib\include\Geometry\Polygon.cpp">
      <Filter>Sources\Tools\MathGeoLib\Geometry</Filter>
    </ClCompile>
    <ClCompile Include="MathGeoLib\include\Geometry\Polyhedron.cpp">
      <Filter>Sources\Tools\MathGeoLib\Geometry</Filter>
    </ClCompile>
    <ClCompile Include="MathGeoLib\include\Geometry\Ray.cpp">
      <Filter>Sources\Tools\MathGeoLib\Geometry</Filter>
    </ClCompile>
    <ClCompile Include="MathGeoLib\include\Geometry\Sphere.cpp">
      <Filter>Sources\Tools\MathGeoLib\Geometry</Filter>
    </ClCompile>
    <ClCompile Include="MathGeoLib\include\Geometry\Triangle.cpp">
      <Filter>Sources\Tools\MathGeoLib\Geometry</Filter>
    </ClCompile>
    <ClCompile Include="MathGeoLib\include\Geometry\TriangleMesh.cpp">
      <Filter>Sources\Tools\MathGeoLib\Geometry</Filter>
    </ClCompile>
    <ClCompile Include="MathGeoLib\include\Time\Clock.cpp">
      <Filter>Sources\Tools\MathGeoLib\Time</Filter>
    </ClCompile>
    <ClCompile Include="MathGeoLib\include\Math\BitOps.cpp">
      <Filter>Sources\Tools\MathGeoLib\Math</Filter>
    </ClCompile>
    <ClCompile Include="MathGeoLib\include\Math\Callstack.cpp">
      <Filter>Sources\Tools\MathGeoLib\Math</Filter>
    </ClCompile>
    <ClCompile Include="MathGeoLib\include\Math\float2.cpp">
      <Filter>Sources\Tools\MathGeoLib\Math</Filter>
    </ClCompile>
    <ClCompile Include="MathGeoLib\include\Math\float3.cpp">
      <Filter>Sources\Tools\MathGeoLib\Math</Filter>
    </ClCompile>
    <ClCompile Include="MathGeoLib\include\Math\float3x3.cpp">
      <Filter>Sources\Tools\MathGeoLib\Math</Filter>
    </ClCompile>
    <ClCompile Include="MathGeoLib\include\Math\float3x4.cpp">
      <Filter>Sources\Tools\MathGeoLib\Math</Filter>
    </ClCompile>
    <ClCompile Include="MathGeoLib\include\Math\float4.cpp">
      <Filter>Sources\Tools\MathGeoLib\Math</Filter>
    </ClCompile>
    <ClCompile Include="MathGeoLib\include\Math\float4d.cpp">
      <Filter>Sources\Tools\MathGeoLib\Math</Filter>
    </ClCompile>
    <ClCompile Include="MathGeoLib\include\Math\float4x4.cpp">
      <Filter>Sources\Tools\MathGeoLib\Math</Filter>
    </ClCompile>
    <ClCompile Include="MathGeoLib\include\Math\grisu3.c">
      <Filter>Sources\Tools\MathGeoLib\Math</Filter>
    </ClCompile>
    <ClCompile Include="MathGeoLib\include\Math\grisu3_cpp.cpp">
      <Filter>Sources\Tools\MathGeoLib\Math</Filter>
    </ClCompile>
    <ClCompile Include="MathGeoLib\include\Math\MathFunc.cpp">
      <Filter>Sources\Tools\MathGeoLib\Math</Filter>
    </ClCompile>
    <ClCompile Include="MathGeoLib\include\Math\MathLog.cpp">
      <Filter>Sources\Tools\MathGeoLib\Math</Filter>
    </ClCompile>
    <ClCompile Include="MathGeoLib\include\Math\MathOps.cpp">
      <Filter>Sources\Tools\MathGeoLib\Math</Filter>
    </ClCompile>
    <ClCompile Include="MathGeoLib\include\Math\Polynomial.cpp">
      <Filter>Sources\Tools\MathGeoLib\Math</Filter>
    </ClCompile>
    <ClCompile Include="MathGeoLib\include\Math\Quat.cpp">
      <Filter>Sources\Tools\MathGeoLib\Math</Filter>
    </ClCompile>
    <ClCompile Include="MathGeoLib\include\Math\SSEMath.cpp">
      <Filter>Sources\Tools\MathGeoLib\Math</Filter>
    </ClCompile>
    <ClCompile Include="MathGeoLib\include\Math\TransformOps.cpp">
      <Filter>Sources\Tools\MathGeoLib\Math</Filter>
    </ClCompile>
    <ClCompile Include="MathGeoLib\include\Algorithm\GJK.cpp">
      <Filter>Sources\Tools\MathGeoLib\Algorithm</Filter>
    </ClCompile>
    <ClCompile Include="MathGeoLib\include\Algorithm\Random\LCG.cpp">
      <Filter>Sources\Tools\MathGeoLib\Algorithm\Random</Filter>
    </ClCompile>
    <ClCompile Include="ImGuizmo\ImGuizmo.cpp">
      <Filter>Sources\Tools\ImGuizmo</Filter>
    </ClCompile>
    <ClCompile Include="ResourceManager.cpp">
      <Filter>Sources\Modules</Filter>
    </ClCompile>
    <ClCompile Include="EngineResource.cpp">
      <Filter>Sources\Res</Filter>
    </ClCompile>
    <ClCompile Include="Scene.cpp">
      <Filter>Sources\Res</Filter>
    </ClCompile>
  </ItemGroup>
  <ItemGroup>
    <None Include="MathGeoLib\include\Geometry\KDTree.inl">
      <Filter>Sources\Tools\MathGeoLib\Geometry</Filter>
    </None>
    <None Include="MathGeoLib\include\Geometry\QuadTree.inl">
      <Filter>Sources\Tools\MathGeoLib\Geometry</Filter>
    </None>
    <None Include="MathGeoLib\include\Geometry\TriangleMesh_IntersectRay_AVX.inl">
      <Filter>Sources\Tools\MathGeoLib\Geometry</Filter>
    </None>
    <None Include="MathGeoLib\include\Geometry\TriangleMesh_IntersectRay_CPP.inl">
      <Filter>Sources\Tools\MathGeoLib\Geometry</Filter>
    </None>
    <None Include="MathGeoLib\include\Geometry\TriangleMesh_IntersectRay_SSE.inl">
      <Filter>Sources\Tools\MathGeoLib\Geometry</Filter>
    </None>
    <None Include="MathGeoLib\include\emscripten\library_system.js">
      <Filter>Sources\Tools\MathGeoLib\emscripten</Filter>
    </None>
    <None Include="MathGeoLib\include\Math\float2.inl">
      <Filter>Sources\Tools\MathGeoLib\Math</Filter>
    </None>
    <None Include="MathGeoLib\include\Math\Matrix.inl">
      <Filter>Sources\Tools\MathGeoLib\Math</Filter>
    </None>
  </ItemGroup>
</Project>